
Microsoft Visual Studio Solution File, Format Version 12.00
# Visual Studio 2012
Project("{FAE04EC0-301F-11D3-BF4B-00C04F79EFBC}") = "ICT13580025A2", "ICT13580025A2\ICT13580025A2.csproj", "{58CB3B60-6F6F-4FD6-9252-40B0AA7E80E5}"
EndProject
Project("{FAE04EC0-301F-11D3-BF4B-00C04F79EFBC}") = "ICT13580025A2.iOS", "iOS\ICT13580025A2.iOS.csproj", "{12C077AD-D48A-4596-8AD2-2F6BF3EEE1F5}"
EndProject
Project("{FAE04EC0-301F-11D3-BF4B-00C04F79EFBC}") = "ICT13580025A2.Droid", "Droid\ICT13580025A2.Droid.csproj", "{41FA4049-5532-408B-A946-3617FDBCB2B3}"
EndProject
Global
	GlobalSection(SolutionConfigurationPlatforms) = preSolution
		Debug|Any CPU = Debug|Any CPU
		Release|Any CPU = Release|Any CPU
		Debug|iPhoneSimulator = Debug|iPhoneSimulator
		Release|iPhone = Release|iPhone
		Release|iPhoneSimulator = Release|iPhoneSimulator
		Debug|iPhone = Debug|iPhone
	EndGlobalSection
	GlobalSection(ProjectConfigurationPlatforms) = postSolution
		{58CB3B60-6F6F-4FD6-9252-40B0AA7E80E5}.Debug|Any CPU.ActiveCfg = Debug|Any CPU
		{58CB3B60-6F6F-4FD6-9252-40B0AA7E80E5}.Debug|Any CPU.Build.0 = Debug|Any CPU
		{58CB3B60-6F6F-4FD6-9252-40B0AA7E80E5}.Release|Any CPU.ActiveCfg = Release|Any CPU
		{58CB3B60-6F6F-4FD6-9252-40B0AA7E80E5}.Release|Any CPU.Build.0 = Release|Any CPU
		{58CB3B60-6F6F-4FD6-9252-40B0AA7E80E5}.Debug|iPhoneSimulator.ActiveCfg = Debug|Any CPU
		{58CB3B60-6F6F-4FD6-9252-40B0AA7E80E5}.Debug|iPhoneSimulator.Build.0 = Debug|Any CPU
		{58CB3B60-6F6F-4FD6-9252-40B0AA7E80E5}.Release|iPhone.ActiveCfg = Release|Any CPU
		{58CB3B60-6F6F-4FD6-9252-40B0AA7E80E5}.Release|iPhone.Build.0 = Release|Any CPU
		{58CB3B60-6F6F-4FD6-9252-40B0AA7E80E5}.Release|iPhoneSimulator.ActiveCfg = Release|Any CPU
		{58CB3B60-6F6F-4FD6-9252-40B0AA7E80E5}.Release|iPhoneSimulator.Build.0 = Release|Any CPU
		{58CB3B60-6F6F-4FD6-9252-40B0AA7E80E5}.Debug|iPhone.ActiveCfg = Debug|Any CPU
		{58CB3B60-6F6F-4FD6-9252-40B0AA7E80E5}.Debug|iPhone.Build.0 = Debug|Any CPU
		{12C077AD-D48A-4596-8AD2-2F6BF3EEE1F5}.Debug|Any CPU.ActiveCfg = Debug|iPhoneSimulator
		{12C077AD-D48A-4596-8AD2-2F6BF3EEE1F5}.Debug|Any CPU.Build.0 = Debug|iPhoneSimulator
		{12C077AD-D48A-4596-8AD2-2F6BF3EEE1F5}.Release|Any CPU.ActiveCfg = Release|iPhone
		{12C077AD-D48A-4596-8AD2-2F6BF3EEE1F5}.Release|Any CPU.Build.0 = Release|iPhone
		{12C077AD-D48A-4596-8AD2-2F6BF3EEE1F5}.Debug|iPhoneSimulator.ActiveCfg = Debug|iPhoneSimulator
		{12C077AD-D48A-4596-8AD2-2F6BF3EEE1F5}.Debug|iPhoneSimulator.Build.0 = Debug|iPhoneSimulator
		{12C077AD-D48A-4596-8AD2-2F6BF3EEE1F5}.Release|iPhone.ActiveCfg = Release|iPhone
		{12C077AD-D48A-4596-8AD2-2F6BF3EEE1F5}.Release|iPhone.Build.0 = Release|iPhone
		{12C077AD-D48A-4596-8AD2-2F6BF3EEE1F5}.Release|iPhoneSimulator.ActiveCfg = Release|iPhoneSimulator
		{12C077AD-D48A-4596-8AD2-2F6BF3EEE1F5}.Release|iPhoneSimulator.Build.0 = Release|iPhoneSimulator
		{12C077AD-D48A-4596-8AD2-2F6BF3EEE1F5}.Debug|iPhone.ActiveCfg = Debug|iPhone
		{12C077AD-D48A-4596-8AD2-2F6BF3EEE1F5}.Debug|iPhone.Build.0 = Debug|iPhone
		{41FA4049-5532-408B-A946-3617FDBCB2B3}.Debug|Any CPU.ActiveCfg = Debug|Any CPU
		{41FA4049-5532-408B-A946-3617FDBCB2B3}.Debug|Any CPU.Build.0 = Debug|Any CPU
		{41FA4049-5532-408B-A946-3617FDBCB2B3}.Release|Any CPU.ActiveCfg = Release|Any CPU
		{41FA4049-5532-408B-A946-3617FDBCB2B3}.Release|Any CPU.Build.0 = Release|Any CPU
		{41FA4049-5532-408B-A946-3617FDBCB2B3}.Debug|iPhoneSimulator.ActiveCfg = Debug|Any CPU
		{41FA4049-5532-408B-A946-3617FDBCB2B3}.Debug|iPhoneSimulator.Build.0 = Debug|Any CPU
		{41FA4049-5532-408B-A946-3617FDBCB2B3}.Release|iPhone.ActiveCfg = Release|Any CPU
		{41FA4049-5532-408B-A946-3617FDBCB2B3}.Release|iPhone.Build.0 = Release|Any CPU
		{41FA4049-5532-408B-A946-3617FDBCB2B3}.Release|iPhoneSimulator.ActiveCfg = Release|Any CPU
		{41FA4049-5532-408B-A946-3617FDBCB2B3}.Release|iPhoneSimulator.Build.0 = Release|Any CPU
		{41FA4049-5532-408B-A946-3617FDBCB2B3}.Debug|iPhone.ActiveCfg = Debug|Any CPU
		{41FA4049-5532-408B-A946-3617FDBCB2B3}.Debug|iPhone.Build.0 = Debug|Any CPU
	EndGlobalSection
EndGlobal
